
Microsoft Visual Studio Solution File, Format Version 12.00
# Visual Studio Version 16
VisualStudioVersion = 16.0.33328.57
MinimumVisualStudioVersion = 10.0.40219.1
Project("{FAE04EC0-301F-11D3-BF4B-00C04F79EFBC}") = "MS_LR_1", "MS_LR_1.csproj", "{2CDB34D3-A274-4E59-A8C8-2CDD26DB0835}"
EndProject
Global
	GlobalSection(SolutionConfigurationPlatforms) = preSolution
		Debug|Any CPU = Debug|Any CPU
		Release|Any CPU = Release|Any CPU
	EndGlobalSection
	GlobalSection(ProjectConfigurationPlatforms) = postSolution
		{2CDB34D3-A274-4E59-A8C8-2CDD26DB0835}.Debug|Any CPU.ActiveCfg = Debug|Any CPU
		{2CDB34D3-A274-4E59-A8C8-2CDD26DB0835}.Debug|Any CPU.Build.0 = Debug|Any CPU
		{2CDB34D3-A274-4E59-A8C8-2CDD26DB0835}.Release|Any CPU.ActiveCfg = Release|Any CPU
		{2CDB34D3-A274-4E59-A8C8-2CDD26DB0835}.Release|Any CPU.Build.0 = Release|Any CPU
	EndGlobalSection
	GlobalSection(SolutionProperties) = preSolution
		HideSolutionNode = FALSE
	EndGlobalSection
	GlobalSection(ExtensibilityGlobals) = postSolution
		SolutionGuid = {C9C409C1-7A7B-409A-8A94-D12C68888F55}
	EndGlobalSection
EndGlobal
